
Microsoft Visual Studio Solution File, Format Version 12.00
# Visual Studio Version 17
VisualStudioVersion = 17.0.31903.59
MinimumVisualStudioVersion = 10.0.40219.1
Project("{2150E333-8FDC-42A3-9474-1A3956D46DE8}") = "src", "src", "{F9C81CBB-72CB-4CAB-838E-291DF6135DFD}"
EndProject
Project("{FAE04EC0-301F-11D3-BF4B-00C04F79EFBC}") = "GSkillCue.Core", "src\GSkillCue.Core\GSkillCue.Core.csproj", "{2427A9F8-579C-49A9-B5A9-0DB430B09AD3}"
EndProject
Project("{FAE04EC0-301F-11D3-BF4B-00C04F79EFBC}") = "GSkillCue.Smbus", "src\GSkillCue.Smbus\GSkillCue.Smbus.csproj", "{A2A6B3B3-BF53-4D0B-A139-49E95E3AFC97}"
EndProject
Project("{FAE04EC0-301F-11D3-BF4B-00C04F79EFBC}") = "GSkillCue.GSkillRam", "src\GSkillCue.GSkillRam\GSkillCue.GSkillRam.csproj", "{660BBBFA-A6B4-4464-9DE8-FD2A549DBE93}"
EndProject
Project("{FAE04EC0-301F-11D3-BF4B-00C04F79EFBC}") = "GSkillCue.ICue", "src\GSkillCue.ICue\GSkillCue.ICue.csproj", "{7FA18352-F4DE-4D19-9CAC-F391537D660E}"
EndProject
Project("{FAE04EC0-301F-11D3-BF4B-00C04F79EFBC}") = "GSkillCue.Bridge", "src\GSkillCue.Bridge\GSkillCue.Bridge.csproj", "{76916796-3716-4E8F-832F-1CF428D244A6}"
EndProject
Project("{FAE04EC0-301F-11D3-BF4B-00C04F79EFBC}") = "GSkillCue.Cli", "src\GSkillCue.Cli\GSkillCue.Cli.csproj", "{C32FEC69-867E-463D-9BF7-1B61DE0BF115}"
EndProject
Project("{FAE04EC0-301F-11D3-BF4B-00C04F79EFBC}") = "GSkillCue.Tray", "src\GSkillCue.Tray\GSkillCue.Tray.csproj", "{A292314F-2DCB-41A9-8E40-6B5255516021}"
EndProject
Project("{2150E333-8FDC-42A3-9474-1A3956D46DE8}") = "tests", "tests", "{9996368B-432C-4F94-B355-545AF26A2A9C}"
EndProject
Project("{FAE04EC0-301F-11D3-BF4B-00C04F79EFBC}") = "GSkillCue.Tests", "tests\GSkillCue.Tests\GSkillCue.Tests.csproj", "{79E712C2-3EE5-4848-B5AA-C82DF1A925C9}"
EndProject
Global
	GlobalSection(SolutionConfigurationPlatforms) = preSolution
		Debug|Any CPU = Debug|Any CPU
		Release|Any CPU = Release|Any CPU
	EndGlobalSection
	GlobalSection(SolutionProperties) = preSolution
		HideSolutionNode = FALSE
	EndGlobalSection
	GlobalSection(ProjectConfigurationPlatforms) = postSolution
		{2427A9F8-579C-49A9-B5A9-0DB430B09AD3}.Debug|Any CPU.ActiveCfg = Debug|Any CPU
		{2427A9F8-579C-49A9-B5A9-0DB430B09AD3}.Debug|Any CPU.Build.0 = Debug|Any CPU
		{2427A9F8-579C-49A9-B5A9-0DB430B09AD3}.Release|Any CPU.ActiveCfg = Release|Any CPU
		{2427A9F8-579C-49A9-B5A9-0DB430B09AD3}.Release|Any CPU.Build.0 = Release|Any CPU
		{A2A6B3B3-BF53-4D0B-A139-49E95E3AFC97}.Debug|Any CPU.ActiveCfg = Debug|Any CPU
		{A2A6B3B3-BF53-4D0B-A139-49E95E3AFC97}.Debug|Any CPU.Build.0 = Debug|Any CPU
		{A2A6B3B3-BF53-4D0B-A139-49E95E3AFC97}.Release|Any CPU.ActiveCfg = Release|Any CPU
		{A2A6B3B3-BF53-4D0B-A139-49E95E3AFC97}.Release|Any CPU.Build.0 = Release|Any CPU
		{660BBBFA-A6B4-4464-9DE8-FD2A549DBE93}.Debug|Any CPU.ActiveCfg = Debug|Any CPU
		{660BBBFA-A6B4-4464-9DE8-FD2A549DBE93}.Debug|Any CPU.Build.0 = Debug|Any CPU
		{660BBBFA-A6B4-4464-9DE8-FD2A549DBE93}.Release|Any CPU.ActiveCfg = Release|Any CPU
		{660BBBFA-A6B4-4464-9DE8-FD2A549DBE93}.Release|Any CPU.Build.0 = Release|Any CPU
		{7FA18352-F4DE-4D19-9CAC-F391537D660E}.Debug|Any CPU.ActiveCfg = Debug|Any CPU
		{7FA18352-F4DE-4D19-9CAC-F391537D660E}.Debug|Any CPU.Build.0 = Debug|Any CPU
		{7FA18352-F4DE-4D19-9CAC-F391537D660E}.Release|Any CPU.ActiveCfg = Release|Any CPU
		{7FA18352-F4DE-4D19-9CAC-F391537D660E}.Release|Any CPU.Build.0 = Release|Any CPU
		{76916796-3716-4E8F-832F-1CF428D244A6}.Debug|Any CPU.ActiveCfg = Debug|Any CPU
		{76916796-3716-4E8F-832F-1CF428D244A6}.Debug|Any CPU.Build.0 = Debug|Any CPU
		{76916796-3716-4E8F-832F-1CF428D244A6}.Release|Any CPU.ActiveCfg = Release|Any CPU
		{76916796-3716-4E8F-832F-1CF428D244A6}.Release|Any CPU.Build.0 = Release|Any CPU
		{C32FEC69-867E-463D-9BF7-1B61DE0BF115}.Debug|Any CPU.ActiveCfg = Debug|Any CPU
		{C32FEC69-867E-463D-9BF7-1B61DE0BF115}.Debug|Any CPU.Build.0 = Debug|Any CPU
		{C32FEC69-867E-463D-9BF7-1B61DE0BF115}.Release|Any CPU.ActiveCfg = Release|Any CPU
		{C32FEC69-867E-463D-9BF7-1B61DE0BF115}.Release|Any CPU.Build.0 = Release|Any CPU
		{A292314F-2DCB-41A9-8E40-6B5255516021}.Debug|Any CPU.ActiveCfg = Debug|Any CPU
		{A292314F-2DCB-41A9-8E40-6B5255516021}.Debug|Any CPU.Build.0 = Debug|Any CPU
		{A292314F-2DCB-41A9-8E40-6B5255516021}.Release|Any CPU.ActiveCfg = Release|Any CPU
		{A292314F-2DCB-41A9-8E40-6B5255516021}.Release|Any CPU.Build.0 = Release|Any CPU
		{79E712C2-3EE5-4848-B5AA-C82DF1A925C9}.Debug|Any CPU.ActiveCfg = Debug|Any CPU
		{79E712C2-3EE5-4848-B5AA-C82DF1A925C9}.Debug|Any CPU.Build.0 = Debug|Any CPU
		{79E712C2-3EE5-4848-B5AA-C82DF1A925C9}.Release|Any CPU.ActiveCfg = Release|Any CPU
		{79E712C2-3EE5-4848-B5AA-C82DF1A925C9}.Release|Any CPU.Build.0 = Release|Any CPU
	EndGlobalSection
	GlobalSection(NestedProjects) = preSolution
		{2427A9F8-579C-49A9-B5A9-0DB430B09AD3} = {F9C81CBB-72CB-4CAB-838E-291DF6135DFD}
		{A2A6B3B3-BF53-4D0B-A139-49E95E3AFC97} = {F9C81CBB-72CB-4CAB-838E-291DF6135DFD}
		{660BBBFA-A6B4-4464-9DE8-FD2A549DBE93} = {F9C81CBB-72CB-4CAB-838E-291DF6135DFD}
		{7FA18352-F4DE-4D19-9CAC-F391537D660E} = {F9C81CBB-72CB-4CAB-838E-291DF6135DFD}
		{76916796-3716-4E8F-832F-1CF428D244A6} = {F9C81CBB-72CB-4CAB-838E-291DF6135DFD}
		{C32FEC69-867E-463D-9BF7-1B61DE0BF115} = {F9C81CBB-72CB-4CAB-838E-291DF6135DFD}
		{A292314F-2DCB-41A9-8E40-6B5255516021} = {F9C81CBB-72CB-4CAB-838E-291DF6135DFD}
		{79E712C2-3EE5-4848-B5AA-C82DF1A925C9} = {9996368B-432C-4F94-B355-545AF26A2A9C}
	EndGlobalSection
EndGlobal
